Microsoft Visual Studio Solution File, Format Version 12.00
# Visual Studio Version 17
VisualStudioVersion = 17.5.2.0
MinimumVisualStudioVersion = 10.0.40219.1
Project("{FAE04EC0-301F-11D3-BF4B-00C04F79EFBC}") = "Flow.Launcher.Plugin.TimeIn", "Flow.Launcher.Plugin.TimeIn\Flow.Launcher.Plugin.TimeIn.csproj", "{D063A2C6-4B95-8C82-A438-1B08C7FB7481}"
EndProject
Global
	GlobalSection(SolutionConfigurationPlatforms) = preSolution
		Debug|Any CPU = Debug|Any CPU
		Release|Any CPU = Release|Any CPU
	EndGlobalSection
	GlobalSection(ProjectConfigurationPlatforms) = postSolution
		{D063A2C6-4B95-8C82-A438-1B08C7FB7481}.Debug|Any CPU.ActiveCfg = Debug|Any CPU
		{D063A2C6-4B95-8C82-A438-1B08C7FB7481}.Debug|Any CPU.Build.0 = Debug|Any CPU
		{D063A2C6-4B95-8C82-A438-1B08C7FB7481}.Release|Any CPU.ActiveCfg = Release|Any CPU
		{D063A2C6-4B95-8C82-A438-1B08C7FB7481}.Release|Any CPU.Build.0 = Release|Any CPU
	EndGlobalSection
	GlobalSection(SolutionProperties) = preSolution
		HideSolutionNode = FALSE
	EndGlobalSection
	GlobalSection(ExtensibilityGlobals) = postSolution
		SolutionGuid = {8835DC53-E23D-4A94-BB0D-72E9DE1A2365}
	EndGlobalSection
EndGlobal
